
Microsoft Visual Studio Solution File, Format Version 12.00
# Visual Studio Version 17
VisualStudioVersion = 17.10.35013.160
MinimumVisualStudioVersion = 10.0.40219.1
Project("{FAE04EC0-301F-11D3-BF4B-00C04F79EFBC}") = "MB Final CSC202 07-10-24", "MB Final CSC202 07-10-24\MB Final CSC202 07-10-24.csproj", "{677763F6-DA0F-444F-9D14-8C2C54E04F74}"
EndProject
Global
	GlobalSection(SolutionConfigurationPlatforms) = preSolution
		Debug|Any CPU = Debug|Any CPU
		Release|Any CPU = Release|Any CPU
	EndGlobalSection
	GlobalSection(ProjectConfigurationPlatforms) = postSolution
		{677763F6-DA0F-444F-9D14-8C2C54E04F74}.Debug|Any CPU.ActiveCfg = Debug|Any CPU
		{677763F6-DA0F-444F-9D14-8C2C54E04F74}.Debug|Any CPU.Build.0 = Debug|Any CPU
		{677763F6-DA0F-444F-9D14-8C2C54E04F74}.Release|Any CPU.ActiveCfg = Release|Any CPU
		{677763F6-DA0F-444F-9D14-8C2C54E04F74}.Release|Any CPU.Build.0 = Release|Any CPU
	EndGlobalSection
	GlobalSection(SolutionProperties) = preSolution
		HideSolutionNode = FALSE
	EndGlobalSection
	GlobalSection(ExtensibilityGlobals) = postSolution
		SolutionGuid = {ACA810BE-FA19-4D80-B7DB-BEF75AF6B225}
	EndGlobalSection
EndGlobal
